
Microsoft Visual Studio Solution File, Format Version 12.00
Project("{FAE04EC0-301F-11D3-BF4B-00C04F79EFBC}") = "Lab4", "Lab4.csproj", "{DBA356D9-B57F-4FD1-9D3C-3B8A48A412EE}"
EndProject
Global
	GlobalSection(SolutionConfigurationPlatforms) = preSolution
		Debug|Any CPU = Debug|Any CPU
		Release|Any CPU = Release|Any CPU
	EndGlobalSection
	GlobalSection(ProjectConfigurationPlatforms) = postSolution
		{DBA356D9-B57F-4FD1-9D3C-3B8A48A412EE}.Debug|Any CPU.ActiveCfg = Debug|Any CPU
		{DBA356D9-B57F-4FD1-9D3C-3B8A48A412EE}.Debug|Any CPU.Build.0 = Debug|Any CPU
		{DBA356D9-B57F-4FD1-9D3C-3B8A48A412EE}.Release|Any CPU.ActiveCfg = Release|Any CPU
		{DBA356D9-B57F-4FD1-9D3C-3B8A48A412EE}.Release|Any CPU.Build.0 = Release|Any CPU
	EndGlobalSection
EndGlobal
